// !$*UTF8*$!
{
	archiveVersion = 1;
	classes = {
	};
	objectVersion = 46;
	objects = {

/* Begin PBXBuildFile section */
		8517CFD694EF43C94F3F3005 /* Pods_elected_ios.framework in Frameworks */ = {isa = PBXBuildFile; fileRef = D2325D548E05BBC126018473 /* Pods_elected_ios.framework */; };
		9DD33FD31C97C349006FAF4C /* AppDelegate.swift in Sources */ = {isa = PBXBuildFile; fileRef = 9DD33FD21C97C349006FAF4C /* AppDelegate.swift */; };
		9DD33FD51C97C349006FAF4C /* ViewController.swift in Sources */ = {isa = PBXBuildFile; fileRef = 9DD33FD41C97C349006FAF4C /* ViewController.swift */; };
		9DD33FD81C97C349006FAF4C /* Main.storyboard in Resources */ = {isa = PBXBuildFile; fileRef = 9DD33FD61C97C349006FAF4C /* Main.storyboard */; };
		9DD33FDA1C97C349006FAF4C /* Assets.xcassets in Resources */ = {isa = PBXBuildFile; fileRef = 9DD33FD91C97C349006FAF4C /* Assets.xcassets */; };
		9DD33FDD1C97C349006FAF4C /* LaunchScreen.storyboard in Resources */ = {isa = PBXBuildFile; fileRef = 9DD33FDB1C97C349006FAF4C /* LaunchScreen.storyboard */; };
		9DD33FE81C97C349006FAF4C /* elected_iosTests.swift in Sources */ = {isa = PBXBuildFile; fileRef = 9DD33FE71C97C349006FAF4C /* elected_iosTests.swift */; };
		9DD33FF31C97C349006FAF4C /* elected_iosUITests.swift in Sources */ = {isa = PBXBuildFile; fileRef = 9DD33FF21C97C349006FAF4C /* elected_iosUITests.swift */; };
		9DD340011C97C35B006FAF4C /* Podfile in Resources */ = {isa = PBXBuildFile; fileRef = 9DD340001C97C35B006FAF4C /* Podfile */; };
		D047BA481CA485090029550F /* ProfileViewController.swift in Sources */ = {isa = PBXBuildFile; fileRef = D047BA471CA485090029550F /* ProfileViewController.swift */; };
		D047BA4A1CA4857A0029550F /* MembersTableViewController.swift in Sources */ = {isa = PBXBuildFile; fileRef = D047BA491CA4857A0029550F /* MembersTableViewController.swift */; };
		D047BA4C1CA485920029550F /* CitiesTableViewController.swift in Sources */ = {isa = PBXBuildFile; fileRef = D047BA4B1CA485920029550F /* CitiesTableViewController.swift */; };
		D047BA4E1CA485A70029550F /* LandingViewController.swift in Sources */ = {isa = PBXBuildFile; fileRef = D047BA4D1CA485A70029550F /* LandingViewController.swift */; };
		D047BA501CA49DAC0029550F /* City.swift in Sources */ = {isa = PBXBuildFile; fileRef = D047BA4F1CA49DAC0029550F /* City.swift */; };
		D047BA521CA49DFD0029550F /* Official.swift in Sources */ = {isa = PBXBuildFile; fileRef = D047BA511CA49DFD0029550F /* Official.swift */; };
		D047BA541CA4B44A0029550F /* UIImageViewExtension.swift in Sources */ = {isa = PBXBuildFile; fileRef = D047BA531CA4B44A0029550F /* UIImageViewExtension.swift */; };
		D047BA561CA4C5450029550F /* CityTableViewCell.swift in Sources */ = {isa = PBXBuildFile; fileRef = D047BA551CA4C5450029550F /* CityTableViewCell.swift */; };
		D047BA581CA596AF0029550F /* OfficialTableViewCell.swift in Sources */ = {isa = PBXBuildFile; fileRef = D047BA571CA596AF0029550F /* OfficialTableViewCell.swift */; };
		D047BA5C1CA5A7070029550F /* TeamViewController.swift in Sources */ = {isa = PBXBuildFile; fileRef = D047BA5B1CA5A7070029550F /* TeamViewController.swift */; };
		D047BA5E1CA5B3040029550F /* WebViewController.swift in Sources */ = {isa = PBXBuildFile; fileRef = D047BA5D1CA5B3040029550F /* WebViewController.swift */; };
		D047BA601CA5C0BC0029550F /* ContactViewController.swift in Sources */ = {isa = PBXBuildFile; fileRef = D047BA5F1CA5C0BC0029550F /* ContactViewController.swift */; };
		D047BA621CA5C2840029550F /* BioViewController.swift in Sources */ = {isa = PBXBuildFile; fileRef = D047BA611CA5C2840029550F /* BioViewController.swift */; };
		D047BA641CA98A5C0029550F /* SearchTableViewController.swift in Sources */ = {isa = PBXBuildFile; fileRef = D047BA631CA98A5C0029550F /* SearchTableViewController.swift */; };
		D047BA671CA98EC30029550F /* StringExtension.swift in Sources */ = {isa = PBXBuildFile; fileRef = D047BA661CA98EC30029550F /* StringExtension.swift */; };
/* End PBXBuildFile section */

/* Begin PBXContainerItemProxy section */
		9DD33FE41C97C349006FAF4C /* PBXContainerItemProxy */ = {
			isa = PBXContainerItemProxy;
			containerPortal = 9DD33FC71C97C349006FAF4C /* Project object */;
			proxyType = 1;
			remoteGlobalIDString = 9DD33FCE1C97C349006FAF4C;
			remoteInfo = "elected-ios";
		};
		9DD33FEF1C97C349006FAF4C /* PBXContainerItemProxy */ = {
			isa = PBXContainerItemProxy;
			containerPortal = 9DD33FC71C97C349006FAF4C /* Project object */;
			proxyType = 1;
			remoteGlobalIDString = 9DD33FCE1C97C349006FAF4C;
			remoteInfo = "elected-ios";
		};
/* End PBXContainerItemProxy section */

/* Begin PBXFileReference section */
		9DD33FCF1C97C349006FAF4C /* elected-ios.app */ = {isa = PBXFileReference; explicitFileType = wrapper.application; includeInIndex = 0; path = "elected-ios.app"; sourceTree = BUILT_PRODUCTS_DIR; };
		9DD33FD21C97C349006FAF4C /* AppDelegate.swift */ = {isa = PBXFileReference; lastKnownFileType = sourcecode.swift; path = AppDelegate.swift; sourceTree = "<group>"; };
		9DD33FD41C97C349006FAF4C /* ViewController.swift */ = {isa = PBXFileReference; lastKnownFileType = sourcecode.swift; path = ViewController.swift; sourceTree = "<group>"; };
		9DD33FD71C97C349006FAF4C /* Base */ = {isa = PBXFileReference; lastKnownFileType = file.storyboard; name = Base; path = Base.lproj/Main.storyboard; sourceTree = "<group>"; };
		9DD33FD91C97C349006FAF4C /* Assets.xcassets */ = {isa = PBXFileReference; lastKnownFileType = folder.assetcatalog; path = Assets.xcassets; sourceTree = "<group>"; };
		9DD33FDC1C97C349006FAF4C /* Base */ = {isa = PBXFileReference; lastKnownFileType = file.storyboard; name = Base; path = Base.lproj/LaunchScreen.storyboard; sourceTree = "<group>"; };
		9DD33FDE1C97C349006FAF4C /* Info.plist */ = {isa = PBXFileReference; lastKnownFileType = text.plist.xml; path = Info.plist; sourceTree = "<group>"; };
		9DD33FE31C97C349006FAF4C /* elected-iosTests.xctest */ = {isa = PBXFileReference; explicitFileType = wrapper.cfbundle; includeInIndex = 0; path = "elected-iosTests.xctest"; sourceTree = BUILT_PRODUCTS_DIR; };
		9DD33FE71C97C349006FAF4C /* elected_iosTests.swift */ = {isa = PBXFileReference; lastKnownFileType = sourcecode.swift; path = elected_iosTests.swift; sourceTree = "<group>"; };
		9DD33FE91C97C349006FAF4C /* Info.plist */ = {isa = PBXFileReference; lastKnownFileType = text.plist.xml; path = Info.plist; sourceTree = "<group>"; };
		9DD33FEE1C97C349006FAF4C /* elected-iosUITests.xctest */ = {isa = PBXFileReference; explicitFileType = wrapper.cfbundle; includeInIndex = 0; path = "elected-iosUITests.xctest"; sourceTree = BUILT_PRODUCTS_DIR; };
		9DD33FF21C97C349006FAF4C /* elected_iosUITests.swift */ = {isa = PBXFileReference; lastKnownFileType = sourcecode.swift; path = elected_iosUITests.swift; sourceTree = "<group>"; };
		9DD33FF41C97C349006FAF4C /* Info.plist */ = {isa = PBXFileReference; lastKnownFileType = text.plist.xml; path = Info.plist; sourceTree = "<group>"; };
		9DD340001C97C35B006FAF4C /* Podfile */ = {isa = PBXFileReference; fileEncoding = 4; lastKnownFileType = text; path = Podfile; sourceTree = "<group>"; xcLanguageSpecificationIdentifier = xcode.lang.ruby; };
		9EE1AFBD9DAEB2C0B6340CCD /* Pods-elected-ios.release.xcconfig */ = {isa = PBXFileReference; includeInIndex = 1; lastKnownFileType = text.xcconfig; name = "Pods-elected-ios.release.xcconfig"; path = "Pods/Target Support Files/Pods-elected-ios/Pods-elected-ios.release.xcconfig"; sourceTree = "<group>"; };
		D047BA471CA485090029550F /* ProfileViewController.swift */ = {isa = PBXFileReference; fileEncoding = 4; lastKnownFileType = sourcecode.swift; path = ProfileViewController.swift; sourceTree = "<group>"; };
		D047BA491CA4857A0029550F /* MembersTableViewController.swift */ = {isa = PBXFileReference; fileEncoding = 4; lastKnownFileType = sourcecode.swift; path = MembersTableViewController.swift; sourceTree = "<group>"; };
		D047BA4B1CA485920029550F /* CitiesTableViewController.swift */ = {isa = PBXFileReference; fileEncoding = 4; lastKnownFileType = sourcecode.swift; path = CitiesTableViewController.swift; sourceTree = "<group>"; };
		D047BA4D1CA485A70029550F /* LandingViewController.swift */ = {isa = PBXFileReference; fileEncoding = 4; lastKnownFileType = sourcecode.swift; path = LandingViewController.swift; sourceTree = "<group>"; };
		D047BA4F1CA49DAC0029550F /* City.swift */ = {isa = PBXFileReference; fileEncoding = 4; lastKnownFileType = sourcecode.swift; path = City.swift; sourceTree = "<group>"; };
		D047BA511CA49DFD0029550F /* Official.swift */ = {isa = PBXFileReference; fileEncoding = 4; lastKnownFileType = sourcecode.swift; path = Official.swift; sourceTree = "<group>"; };
		D047BA531CA4B44A0029550F /* UIImageViewExtension.swift */ = {isa = PBXFileReference; fileEncoding = 4; lastKnownFileType = sourcecode.swift; path = UIImageViewExtension.swift; sourceTree = "<group>"; };
		D047BA551CA4C5450029550F /* CityTableViewCell.swift */ = {isa = PBXFileReference; fileEncoding = 4; lastKnownFileType = sourcecode.swift; path = CityTableViewCell.swift; sourceTree = "<group>"; };
		D047BA571CA596AF0029550F /* OfficialTableViewCell.swift */ = {isa = PBXFileReference; fileEncoding = 4; lastKnownFileType = sourcecode.swift; path = OfficialTableViewCell.swift; sourceTree = "<group>"; };
		D047BA5B1CA5A7070029550F /* TeamViewController.swift */ = {isa = PBXFileReference; fileEncoding = 4; lastKnownFileType = sourcecode.swift; path = TeamViewController.swift; sourceTree = "<group>"; };
		D047BA5D1CA5B3040029550F /* WebViewController.swift */ = {isa = PBXFileReference; fileEncoding = 4; lastKnownFileType = sourcecode.swift; path = WebViewController.swift; sourceTree = "<group>"; };
		D047BA5F1CA5C0BC0029550F /* ContactViewController.swift */ = {isa = PBXFileReference; fileEncoding = 4; lastKnownFileType = sourcecode.swift; path = ContactViewController.swift; sourceTree = "<group>"; };
		D047BA611CA5C2840029550F /* BioViewController.swift */ = {isa = PBXFileReference; fileEncoding = 4; lastKnownFileType = sourcecode.swift; path = BioViewController.swift; sourceTree = "<group>"; };
		D047BA631CA98A5C0029550F /* SearchTableViewController.swift */ = {isa = PBXFileReference; fileEncoding = 4; lastKnownFileType = sourcecode.swift; path = SearchTableViewController.swift; sourceTree = "<group>"; };
		D047BA661CA98EC30029550F /* StringExtension.swift */ = {isa = PBXFileReference; fileEncoding = 4; lastKnownFileType = sourcecode.swift; path = StringExtension.swift; sourceTree = "<group>"; };
		D2325D548E05BBC126018473 /* Pods_elected_ios.framework */ = {isa = PBXFileReference; explicitFileType = wrapper.framework; includeInIndex = 0; path = Pods_elected_ios.framework; sourceTree = BUILT_PRODUCTS_DIR; };
		F56D58190B27EA6CE3B0BF33 /* Pods-elected-ios.debug.xcconfig */ = {isa = PBXFileReference; includeInIndex = 1; lastKnownFileType = text.xcconfig; name = "Pods-elected-ios.debug.xcconfig"; path = "Pods/Target Support Files/Pods-elected-ios/Pods-elected-ios.debug.xcconfig"; sourceTree = "<group>"; };
/* End PBXFileReference section */

/* Begin PBXFrameworksBuildPhase section */
		9DD33FCC1C97C349006FAF4C /* Frameworks */ = {
			isa = PBXFrameworksBuildPhase;
			buildActionMask = 2147483647;
			files = (
				8517CFD694EF43C94F3F3005 /* Pods_elected_ios.framework in Frameworks */,
			);
			runOnlyForDeploymentPostprocessing = 0;
		};
		9DD33FE01C97C349006FAF4C /* Frameworks */ = {
			isa = PBXFrameworksBuildPhase;
			buildActionMask = 2147483647;
			files = (
			);
			runOnlyForDeploymentPostprocessing = 0;
		};
		9DD33FEB1C97C349006FAF4C /* Frameworks */ = {
			isa = PBXFrameworksBuildPhase;
			buildActionMask = 2147483647;
			files = (
			);
			runOnlyForDeploymentPostprocessing = 0;
		};
/* End PBXFrameworksBuildPhase section */

/* Begin PBXGroup section */
		8B465DE0D2E0425ACF2D14D5 /* Pods */ = {
			isa = PBXGroup;
			children = (
				F56D58190B27EA6CE3B0BF33 /* Pods-elected-ios.debug.xcconfig */,
				9EE1AFBD9DAEB2C0B6340CCD /* Pods-elected-ios.release.xcconfig */,
			);
			name = Pods;
			sourceTree = "<group>";
		};
		9DD33FC61C97C349006FAF4C = {
			isa = PBXGroup;
			children = (
				9DD340001C97C35B006FAF4C /* Podfile */,
				9DD33FD11C97C349006FAF4C /* elected-ios */,
				9DD33FE61C97C349006FAF4C /* elected-iosTests */,
				9DD33FF11C97C349006FAF4C /* elected-iosUITests */,
				9DD33FD01C97C349006FAF4C /* Products */,
				8B465DE0D2E0425ACF2D14D5 /* Pods */,
				DD85B85182588EA4DA7BFCC9 /* Frameworks */,
			);
			sourceTree = "<group>";
		};
		9DD33FD01C97C349006FAF4C /* Products */ = {
			isa = PBXGroup;
			children = (
				9DD33FCF1C97C349006FAF4C /* elected-ios.app */,
				9DD33FE31C97C349006FAF4C /* elected-iosTests.xctest */,
				9DD33FEE1C97C349006FAF4C /* elected-iosUITests.xctest */,
			);
			name = Products;
			sourceTree = "<group>";
		};
		9DD33FD11C97C349006FAF4C /* elected-ios */ = {
			isa = PBXGroup;
			children = (
				D047BA651CA98EB10029550F /* Extensions */,
				9DD33FD21C97C349006FAF4C /* AppDelegate.swift */,
				9DD33FD41C97C349006FAF4C /* ViewController.swift */,
				9DD33FD61C97C349006FAF4C /* Main.storyboard */,
				D047BA631CA98A5C0029550F /* SearchTableViewController.swift */,
				D047BA611CA5C2840029550F /* BioViewController.swift */,
				D047BA5F1CA5C0BC0029550F /* ContactViewController.swift */,
				D047BA5D1CA5B3040029550F /* WebViewController.swift */,
				D047BA5B1CA5A7070029550F /* TeamViewController.swift */,
				D047BA571CA596AF0029550F /* OfficialTableViewCell.swift */,
				D047BA551CA4C5450029550F /* CityTableViewCell.swift */,
				D047BA531CA4B44A0029550F /* UIImageViewExtension.swift */,
				D047BA4D1CA485A70029550F /* LandingViewController.swift */,
				D047BA4B1CA485920029550F /* CitiesTableViewController.swift */,
				D047BA491CA4857A0029550F /* MembersTableViewController.swift */,
				D047BA471CA485090029550F /* ProfileViewController.swift */,
				9DD33FD91C97C349006FAF4C /* Assets.xcassets */,
				9DD33FDB1C97C349006FAF4C /* LaunchScreen.storyboard */,
				9DD33FDE1C97C349006FAF4C /* Info.plist */,
				D047BA4F1CA49DAC0029550F /* City.swift */,
				D047BA511CA49DFD0029550F /* Official.swift */,
			);
			path = "elected-ios";
			sourceTree = "<group>";
		};
		9DD33FE61C97C349006FAF4C /* elected-iosTests */ = {
			isa = PBXGroup;
			children = (
				9DD33FE71C97C349006FAF4C /* elected_iosTests.swift */,
				9DD33FE91C97C349006FAF4C /* Info.plist */,
			);
			path = "elected-iosTests";
			sourceTree = "<group>";
		};
		9DD33FF11C97C349006FAF4C /* elected-iosUITests */ = {
			isa = PBXGroup;
			children = (
				9DD33FF21C97C349006FAF4C /* elected_iosUITests.swift */,
				9DD33FF41C97C349006FAF4C /* Info.plist */,
			);
			path = "elected-iosUITests";
			sourceTree = "<group>";
		};
		D047BA651CA98EB10029550F /* Extensions */ = {
			isa = PBXGroup;
			children = (
				D047BA661CA98EC30029550F /* StringExtension.swift */,
			);
			name = Extensions;
			sourceTree = "<group>";
		};
		DD85B85182588EA4DA7BFCC9 /* Frameworks */ = {
			isa = PBXGroup;
			children = (
				D2325D548E05BBC126018473 /* Pods_elected_ios.framework */,
			);
			name = Frameworks;
			sourceTree = "<group>";
		};
/* End PBXGroup section */

/* Begin PBXNativeTarget section */
		9DD33FCE1C97C349006FAF4C /* elected-ios */ = {
			isa = PBXNativeTarget;
			buildConfigurationList = 9DD33FF71C97C349006FAF4C /* Build configuration list for PBXNativeTarget "elected-ios" */;
			buildPhases = (
				19031532CEDA7CCC58E0F3CF /* Check Pods Manifest.lock */,
				9DD33FCB1C97C349006FAF4C /* Sources */,
				9DD33FCC1C97C349006FAF4C /* Frameworks */,
				9DD33FCD1C97C349006FAF4C /* Resources */,
				1C8888BFEF7AA3D46FE371FF /* Embed Pods Frameworks */,
				BB97EC7014AC863FC54CE15D /* Copy Pods Resources */,
			);
			buildRules = (
			);
			dependencies = (
			);
			name = "elected-ios";
			productName = "elected-ios";
			productReference = 9DD33FCF1C97C349006FAF4C /* elected-ios.app */;
			productType = "com.apple.product-type.application";
		};
		9DD33FE21C97C349006FAF4C /* elected-iosTests */ = {
			isa = PBXNativeTarget;
			buildConfigurationList = 9DD33FFA1C97C349006FAF4C /* Build configuration list for PBXNativeTarget "elected-iosTests" */;
			buildPhases = (
				9DD33FDF1C97C349006FAF4C /* Sources */,
				9DD33FE01C97C349006FAF4C /* Frameworks */,
				9DD33FE11C97C349006FAF4C /* Resources */,
			);
			buildRules = (
			);
			dependencies = (
				9DD33FE51C97C349006FAF4C /* PBXTargetDependency */,
			);
			name = "elected-iosTests";
			productName = "elected-iosTests";
			productReference = 9DD33FE31C97C349006FAF4C /* elected-iosTests.xctest */;
			productType = "com.apple.product-type.bundle.unit-test";
		};
		9DD33FED1C97C349006FAF4C /* elected-iosUITests */ = {
			isa = PBXNativeTarget;
			buildConfigurationList = 9DD33FFD1C97C349006FAF4C /* Build configuration list for PBXNativeTarget "elected-iosUITests" */;
			buildPhases = (
				9DD33FEA1C97C349006FAF4C /* Sources */,
				9DD33FEB1C97C349006FAF4C /* Frameworks */,
				9DD33FEC1C97C349006FAF4C /* Resources */,
			);
			buildRules = (
			);
			dependencies = (
				9DD33FF01C97C349006FAF4C /* PBXTargetDependency */,
			);
			name = "elected-iosUITests";
			productName = "elected-iosUITests";
			productReference = 9DD33FEE1C97C349006FAF4C /* elected-iosUITests.xctest */;
			productType = "com.apple.product-type.bundle.ui-testing";
		};
/* End PBXNativeTarget section */

/* Begin PBXProject section */
		9DD33FC71C97C349006FAF4C /* Project object */ = {
			isa = PBXProject;
			attributes = {
				LastSwiftUpdateCheck = 0720;
				LastUpgradeCheck = 0720;
				ORGANIZATIONNAME = "Peter Hitchcock";
				TargetAttributes = {
					9DD33FCE1C97C349006FAF4C = {
						CreatedOnToolsVersion = 7.2.1;
					};
					9DD33FE21C97C349006FAF4C = {
						CreatedOnToolsVersion = 7.2.1;
						TestTargetID = 9DD33FCE1C97C349006FAF4C;
					};
					9DD33FED1C97C349006FAF4C = {
						CreatedOnToolsVersion = 7.2.1;
						TestTargetID = 9DD33FCE1C97C349006FAF4C;
					};
				};
			};
			buildConfigurationList = 9DD33FCA1C97C349006FAF4C /* Build configuration list for PBXProject "elected-ios" */;
			compatibilityVersion = "Xcode 3.2";
			developmentRegion = English;
			hasScannedForEncodings = 0;
			knownRegions = (
				en,
				Base,
			);
			mainGroup = 9DD33FC61C97C349006FAF4C;
			productRefGroup = 9DD33FD01C97C349006FAF4C /* Products */;
			projectDirPath = "";
			projectRoot = "";
			targets = (
				9DD33FCE1C97C349006FAF4C /* elected-ios */,
				9DD33FE21C97C349006FAF4C /* elected-iosTests */,
				9DD33FED1C97C349006FAF4C /* elected-iosUITests */,
			);
		};
/* End PBXProject section */

/* Begin PBXResourcesBuildPhase section */
		9DD33FCD1C97C349006FAF4C /* Resources */ = {
			isa = PBXResourcesBuildPhase;
			buildActionMask = 2147483647;
			files = (
				9DD33FDD1C97C349006FAF4C /* LaunchScreen.storyboard in Resources */,
				9DD33FDA1C97C349006FAF4C /* Assets.xcassets in Resources */,
				9DD340011C97C35B006FAF4C /* Podfile in Resources */,
				9DD33FD81C97C349006FAF4C /* Main.storyboard in Resources */,
			);
			runOnlyForDeploymentPostprocessing = 0;
		};
		9DD33FE11C97C349006FAF4C /* Resources */ = {
			isa = PBXResourcesBuildPhase;
			buildActionMask = 2147483647;
			files = (
			);
			runOnlyForDeploymentPostprocessing = 0;
		};
		9DD33FEC1C97C349006FAF4C /* Resources */ = {
			isa = PBXResourcesBuildPhase;
			buildActionMask = 2147483647;
			files = (
			);
			runOnlyForDeploymentPostprocessing = 0;
		};
/* End PBXResourcesBuildPhase section */

/* Begin PBXShellScriptBuildPhase section */
		19031532CEDA7CCC58E0F3CF /* Check Pods Manifest.lock */ = {
			isa = PBXShellScriptBuildPhase;
			buildActionMask = 2147483647;
			files = (
			);
			inputPaths = (
			);
			name = "Check Pods Manifest.lock";
			outputPaths = (
			);
			runOnlyForDeploymentPostprocessing = 0;
			shellPath = /bin/sh;
			shellScript = "diff \"${PODS_ROOT}/../Podfile.lock\" \"${PODS_ROOT}/Manifest.lock\" > /dev/null\nif [[ $? != 0 ]] ; then\n    cat << EOM\nerror: The sandbox is not in sync with the Podfile.lock. Run 'pod install' or update your CocoaPods installation.\nEOM\n    exit 1\nfi\n";
			showEnvVarsInLog = 0;
		};
		1C8888BFEF7AA3D46FE371FF /* Embed Pods Frameworks */ = {
			isa = PBXShellScriptBuildPhase;
			buildActionMask = 2147483647;
			files = (
			);
			inputPaths = (
			);
			name = "Embed Pods Frameworks";
			outputPaths = (
			);
			runOnlyForDeploymentPostprocessing = 0;
			shellPath = /bin/sh;
			shellScript = "\"${SRCROOT}/Pods/Target Support Files/Pods-elected-ios/Pods-elected-ios-frameworks.sh\"\n";
			showEnvVarsInLog = 0;
		};
		BB97EC7014AC863FC54CE15D /* Copy Pods Resources */ = {
			isa = PBXShellScriptBuildPhase;
			buildActionMask = 2147483647;
			files = (
			);
			inputPaths = (
			);
			name = "Copy Pods Resources";
			outputPaths = (
			);
			runOnlyForDeploymentPostprocessing = 0;
			shellPath = /bin/sh;
			shellScript = "\"${SRCROOT}/Pods/Target Support Files/Pods-elected-ios/Pods-elected-ios-resources.sh\"\n";
			showEnvVarsInLog = 0;
		};
/* End PBXShellScriptBuildPhase section */

/* Begin PBXSourcesBuildPhase section */
		9DD33FCB1C97C349006FAF4C /* Sources */ = {
			isa = PBXSourcesBuildPhase;
			buildActionMask = 2147483647;
			files = (
				D047BA481CA485090029550F /* ProfileViewController.swift in Sources */,
				D047BA601CA5C0BC0029550F /* ContactViewController.swift in Sources */,
				D047BA5C1CA5A7070029550F /* TeamViewController.swift in Sources */,
				D047BA581CA596AF0029550F /* OfficialTableViewCell.swift in Sources */,
				D047BA4C1CA485920029550F /* CitiesTableViewController.swift in Sources */,
				D047BA561CA4C5450029550F /* CityTableViewCell.swift in Sources */,
				9DD33FD51C97C349006FAF4C /* ViewController.swift in Sources */,
				D047BA641CA98A5C0029550F /* SearchTableViewController.swift in Sources */,
				D047BA671CA98EC30029550F /* StringExtension.swift in Sources */,
				D047BA4A1CA4857A0029550F /* MembersTableViewController.swift in Sources */,
				D047BA4E1CA485A70029550F /* LandingViewController.swift in Sources */,
				D047BA541CA4B44A0029550F /* UIImageViewExtension.swift in Sources */,
				9DD33FD31C97C349006FAF4C /* AppDelegate.swift in Sources */,
				D047BA521CA49DFD0029550F /* Official.swift in Sources */,
				D047BA5E1CA5B3040029550F /* WebViewController.swift in Sources */,
				D047BA501CA49DAC0029550F /* City.swift in Sources */,
				D047BA621CA5C2840029550F /* BioViewController.swift in Sources */,
			);
			runOnlyForDeploymentPostprocessing = 0;
		};
		9DD33FDF1C97C349006FAF4C /* Sources */ = {
			isa = PBXSourcesBuildPhase;
			buildActionMask = 2147483647;
			files = (
				9DD33FE81C97C349006FAF4C /* elected_iosTests.swift in Sources */,
			);
			runOnlyForDeploymentPostprocessing = 0;
		};
		9DD33FEA1C97C349006FAF4C /* Sources */ = {
			isa = PBXSourcesBuildPhase;
			buildActionMask = 2147483647;
			files = (
				9DD33FF31C97C349006FAF4C /* elected_iosUITests.swift in Sources */,
			);
			runOnlyForDeploymentPostprocessing = 0;
		};
/* End PBXSourcesBuildPhase section */

/* Begin PBXTargetDependency section */
		9DD33FE51C97C349006FAF4C /* PBXTargetDependency */ = {
			isa = PBXTargetDependency;
			target = 9DD33FCE1C97C349006FAF4C /* elected-ios */;
			targetProxy = 9DD33FE41C97C349006FAF4C /* PBXContainerItemProxy */;
		};
		9DD33FF01C97C349006FAF4C /* PBXTargetDependency */ = {
			isa = PBXTargetDependency;
			target = 9DD33FCE1C97C349006FAF4C /* elected-ios */;
			targetProxy = 9DD33FEF1C97C349006FAF4C /* PBXContainerItemProxy */;
		};
/* End PBXTargetDependency section */

/* Begin PBXVariantGroup section */
		9DD33FD61C97C349006FAF4C /* Main.storyboard */ = {
			isa = PBXVariantGroup;
			children = (
				9DD33FD71C97C349006FAF4C /* Base */,
			);
			name = Main.storyboard;
			sourceTree = "<group>";
		};
		9DD33FDB1C97C349006FAF4C /* LaunchScreen.storyboard */ = {
			isa = PBXVariantGroup;
			children = (
				9DD33FDC1C97C349006FAF4C /* Base */,
			);
			name = LaunchScreen.storyboard;
			sourceTree = "<group>";
		};
/* End PBXVariantGroup section */

/* Begin XCBuildConfiguration section */
		9DD33FF51C97C349006FAF4C /* Debug */ = {
			isa = XCBuildConfiguration;
			buildSettings = {
				ALWAYS_SEARCH_USER_PATHS = NO;
				CLANG_CXX_LANGUAGE_STANDARD = "gnu++0x";
				CLANG_CXX_LIBRARY = "libc++";
				CLANG_ENABLE_MODULES = YES;
				CLANG_ENABLE_OBJC_ARC = YES;
				CLANG_WARN_BOOL_CONVERSION = YES;
				CLANG_WARN_CONSTANT_CONVERSION = YES;
				CLANG_WARN_DIRECT_OBJC_ISA_USAGE = YES_ERROR;
				CLANG_WARN_EMPTY_BODY = YES;
				CLANG_WARN_ENUM_CONVERSION = YES;
				CLANG_WARN_INT_CONVERSION = YES;
				CLANG_WARN_OBJC_ROOT_CLASS = YES_ERROR;
				CLANG_WARN_UNREACHABLE_CODE = YES;
				CLANG_WARN__DUPLICATE_METHOD_MATCH = YES;
				"CODE_SIGN_IDENTITY[sdk=iphoneos*]" = "iPhone Developer";
				COPY_PHASE_STRIP = NO;
				DEBUG_INFORMATION_FORMAT = dwarf;
				ENABLE_STRICT_OBJC_MSGSEND = YES;
				ENABLE_TESTABILITY = YES;
				GCC_C_LANGUAGE_STANDARD = gnu99;
				GCC_DYNAMIC_NO_PIC = NO;
				GCC_NO_COMMON_BLOCKS = YES;
				GCC_OPTIMIZATION_LEVEL = 0;
				GCC_PREPROCESSOR_DEFINITIONS = (
					"DEBUG=1",
					"$(inherited)",
				);
				GCC_WARN_64_TO_32_BIT_CONVERSION = YES;
				GCC_WARN_ABOUT_RETURN_TYPE = YES_ERROR;
				GCC_WARN_UNDECLARED_SELECTOR = YES;
				GCC_WARN_UNINITIALIZED_AUTOS = YES_AGGRESSIVE;
				GCC_WARN_UNUSED_FUNCTION = YES;
				GCC_WARN_UNUSED_VARIABLE = YES;
				IPHONEOS_DEPLOYMENT_TARGET = 9.2;
				MTL_ENABLE_DEBUG_INFO = YES;
				ONLY_ACTIVE_ARCH = YES;
				SDKROOT = iphoneos;
				SWIFT_OPTIMIZATION_LEVEL = "-Onone";
			};
			name = Debug;
		};
		9DD33FF61C97C349006FAF4C /* Release */ = {
			isa = XCBuildConfiguration;
			buildSettings = {
				ALWAYS_SEARCH_USER_PATHS = NO;
				CLANG_CXX_LANGUAGE_STANDARD = "gnu++0x";
				CLANG_CXX_LIBRARY = "libc++";
				CLANG_ENABLE_MODULES = YES;
				CLANG_ENABLE_OBJC_ARC = YES;
				CLANG_WARN_BOOL_CONVERSION = YES;
				CLANG_WARN_CONSTANT_CONVERSION = YES;
				CLANG_WARN_DIRECT_OBJC_ISA_USAGE = YES_ERROR;
				CLANG_WARN_EMPTY_BODY = YES;
				CLANG_WARN_ENUM_CONVERSION = YES;
				CLANG_WARN_INT_CONVERSION = YES;
				CLANG_WARN_OBJC_ROOT_CLASS = YES_ERROR;
				CLANG_WARN_UNREACHABLE_CODE = YES;
				CLANG_WARN__DUPLICATE_METHOD_MATCH = YES;
				"CODE_SIGN_IDENTITY[sdk=iphoneos*]" = "iPhone Developer";
				COPY_PHASE_STRIP = NO;
				DEBUG_INFORMATION_FORMAT = "dwarf-with-dsym";
				ENABLE_NS_ASSERTIONS = NO;
				ENABLE_STRICT_OBJC_MSGSEND = YES;
				GCC_C_LANGUAGE_STANDARD = gnu99;
				GCC_NO_COMMON_BLOCKS = YES;
				GCC_WARN_64_TO_32_BIT_CONVERSION = YES;
				GCC_WARN_ABOUT_RETURN_TYPE = YES_ERROR;
				GCC_WARN_UNDECLARED_SELECTOR = YES;
				GCC_WARN_UNINITIALIZED_AUTOS = YES_AGGRESSIVE;
				GCC_WARN_UNUSED_FUNCTION = YES;
				GCC_WARN_UNUSED_VARIABLE = YES;
				IPHONEOS_DEPLOYMENT_TARGET = 9.2;
				MTL_ENABLE_DEBUG_INFO = NO;
				SDKROOT = iphoneos;
				VALIDATE_PRODUCT = YES;
			};
			name = Release;
		};
		9DD33FF81C97C349006FAF4C /* Debug */ = {
			isa = XCBuildConfiguration;
			baseConfigurationReference = F56D58190B27EA6CE3B0BF33 /* Pods-elected-ios.debug.xcconfig */;
			buildSettings = {
				ASSETCATALOG_COMPILER_APPICON_NAME = AppIcon;
				INFOPLIST_FILE = "elected-ios/Info.plist";
				LD_RUNPATH_SEARCH_PATHS = "$(inherited) @executable_path/Frameworks";
				PRODUCT_BUNDLE_IDENTIFIER = "com.petehitchcock.elected-ios";
				PRODUCT_NAME = "$(TARGET_NAME)";
			};
			name = Debug;
		};
		9DD33FF91C97C349006FAF4C /* Release */ = {
			isa = XCBuildConfiguration;
			baseConfigurationReference = 9EE1AFBD9DAEB2C0B6340CCD /* Pods-elected-ios.release.xcconfig */;
			buildSettings = {
				ASSETCATALOG_COMPILER_APPICON_NAME = AppIcon;
				INFOPLIST_FILE = "elected-ios/Info.plist";
				LD_RUNPATH_SEARCH_PATHS = "$(inherited) @executable_path/Frameworks";
				PRODUCT_BUNDLE_IDENTIFIER = "com.petehitchcock.elected-ios";
				PRODUCT_NAME = "$(TARGET_NAME)";
			};
			name = Release;
		};
		9DD33FFB1C97C349006FAF4C /* Debug */ = {
			isa = XCBuildConfiguration;
			buildSettings = {
				BUNDLE_LOADER = "$(TEST_HOST)";
				INFOPLIST_FILE = "elected-iosTests/Info.plist";
				LD_RUNPATH_SEARCH_PATHS = "$(inherited) @executable_path/Frameworks @loader_path/Frameworks";
				PRODUCT_BUNDLE_IDENTIFIER = "com.petehitchcock.elected-iosTests";
				PRODUCT_NAME = "$(TARGET_NAME)";
				TEST_HOST = "$(BUILT_PRODUCTS_DIR)/elected-ios.app/elected-ios";
			};
			name = Debug;
		};
		9DD33FFC1C97C349006FAF4C /* Release */ = {
			isa = XCBuildConfiguration;
			buildSettings = {
				BUNDLE_LOADER = "$(TEST_HOST)";
				INFOPLIST_FILE = "elected-iosTests/Info.plist";
				LD_RUNPATH_SEARCH_PATHS = "$(inherited) @executable_path/Frameworks @loader_path/Frameworks";
				PRODUCT_BUNDLE_IDENTIFIER = "com.petehitchcock.elected-iosTests";
				PRODUCT_NAME = "$(TARGET_NAME)";
				TEST_HOST = "$(BUILT_PRODUCTS_DIR)/elected-ios.app/elected-ios";
			};
			name = Release;
		};
		9DD33FFE1C97C349006FAF4C /* Debug */ = {
			isa = XCBuildConfiguration;
			buildSettings = {
				INFOPLIST_FILE = "elected-iosUITests/Info.plist";
				LD_RUNPATH_SEARCH_PATHS = "$(inherited) @executable_path/Frameworks @loader_path/Frameworks";
				PRODUCT_BUNDLE_IDENTIFIER = "com.petehitchcock.elected-iosUITests";
				PRODUCT_NAME = "$(TARGET_NAME)";
				TEST_TARGET_NAME = "elected-ios";
				USES_XCTRUNNER = YES;
			};
			name = Debug;
		};
		9DD33FFF1C97C349006FAF4C /* Release */ = {
			isa = XCBuildConfiguration;
			buildSettings = {
				INFOPLIST_FILE = "elected-iosUITests/Info.plist";
				LD_RUNPATH_SEARCH_PATHS = "$(inherited) @executable_path/Frameworks @loader_path/Frameworks";
				PRODUCT_BUNDLE_IDENTIFIER = "com.petehitchcock.elected-iosUITests";
				PRODUCT_NAME = "$(TARGET_NAME)";
				TEST_TARGET_NAME = "elected-ios";
				USES_XCTRUNNER = YES;
			};
			name = Release;
		};
/* End XCBuildConfiguration section */

/* Begin XCConfigurationList section */
		9DD33FCA1C97C349006FAF4C /* Build configuration list for PBXProject "elected-ios" */ = {
			isa = XCConfigurationList;
			buildConfigurations = (
				9DD33FF51C97C349006FAF4C /* Debug */,
				9DD33FF61C97C349006FAF4C /* Release */,
			);
			defaultConfigurationIsVisible = 0;
			defaultConfigurationName = Release;
		};
		9DD33FF71C97C349006FAF4C /* Build configuration list for PBXNativeTarget "elected-ios" */ = {
			isa = XCConfigurationList;
			buildConfigurations = (
				9DD33FF81C97C349006FAF4C /* Debug */,
				9DD33FF91C97C349006FAF4C /* Release */,
			);
			defaultConfigurationIsVisible = 0;
			defaultConfigurationName = Release;
		};
		9DD33FFA1C97C349006FAF4C /* Build configuration list for PBXNativeTarget "elected-iosTests" */ = {
			isa = XCConfigurationList;
			buildConfigurations = (
				9DD33FFB1C97C349006FAF4C /* Debug */,
				9DD33FFC1C97C349006FAF4C /* Release */,
			);
			defaultConfigurationIsVisible = 0;
			defaultConfigurationName = Release;
		};
		9DD33FFD1C97C349006FAF4C /* Build configuration list for PBXNativeTarget "elected-iosUITests" */ = {
			isa = XCConfigurationList;
			buildConfigurations = (
				9DD33FFE1C97C349006FAF4C /* Debug */,
				9DD33FFF1C97C349006FAF4C /* Release */,
			);
			defaultConfigurationIsVisible = 0;
			defaultConfigurationName = Release;
		};
/* End XCConfigurationList section */
	};
	rootObject = 9DD33FC71C97C349006FAF4C /* Project object */;
}
